// !$*UTF8*$!
{
	archiveVersion = 1;
	classes = {
	};
	objectVersion = 55;
	objects = {

/* Begin PBXBuildFile section */
		9818CB28289EB8AF00A1DB8F /* searchMovieViewController.swift in Sources */ = {isa = PBXBuildFile; fileRef = 9818CB27289EB8AF00A1DB8F /* searchMovieViewController.swift */; };
		984162C1289EABE2004C058B /* SearchMovieCollectionViewCell.swift in Sources */ = {isa = PBXBuildFile; fileRef = 984162BF289EABE1004C058B /* SearchMovieCollectionViewCell.swift */; };
		984162C2289EABE2004C058B /* SearchMovieCollectionViewCell.xib in Resources */ = {isa = PBXBuildFile; fileRef = 984162C0289EABE1004C058B /* SearchMovieCollectionViewCell.xib */; };
		98DC54962899F734009DEA77 /* AppDelegate.swift in Sources */ = {isa = PBXBuildFile; fileRef = 98DC54952899F734009DEA77 /* AppDelegate.swift */; };
		98DC54982899F734009DEA77 /* SceneDelegate.swift in Sources */ = {isa = PBXBuildFile; fileRef = 98DC54972899F734009DEA77 /* SceneDelegate.swift */; };
		98DC549A2899F734009DEA77 /* ViewController.swift in Sources */ = {isa = PBXBuildFile; fileRef = 98DC54992899F734009DEA77 /* ViewController.swift */; };
		98DC549D2899F734009DEA77 /* Main.storyboard in Resources */ = {isa = PBXBuildFile; fileRef = 98DC549B2899F734009DEA77 /* Main.storyboard */; };
		98DC549F2899F73A009DEA77 /* Assets.xcassets in Resources */ = {isa = PBXBuildFile; fileRef = 98DC549E2899F73A009DEA77 /* Assets.xcassets */; };
		98DC54A22899F73A009DEA77 /* LaunchScreen.storyboard in Resources */ = {isa = PBXBuildFile; fileRef = 98DC54A02899F73A009DEA77 /* LaunchScreen.storyboard */; };
		98DC54AA2899F7C9009DEA77 /* .gitignore in Resources */ = {isa = PBXBuildFile; fileRef = 98DC54A92899F7C9009DEA77 /* .gitignore */; };
		98DC54AE2899F8BE009DEA77 /* APIKey.swift in Sources */ = {isa = PBXBuildFile; fileRef = 98DC54AD2899F8BE009DEA77 /* APIKey.swift */; };
		98DC54B02899FA04009DEA77 /* Constant.swift in Sources */ = {isa = PBXBuildFile; fileRef = 98DC54AF2899FA04009DEA77 /* Constant.swift */; };
		98DC54B52899FB0E009DEA77 /* File.swift in Sources */ = {isa = PBXBuildFile; fileRef = 98DC54B42899FB0E009DEA77 /* File.swift */; };
		98DC54B72899FB1A009DEA77 /* File.swift in Sources */ = {isa = PBXBuildFile; fileRef = 98DC54B62899FB1A009DEA77 /* File.swift */; };
/* End PBXBuildFile section */

/* Begin PBXFileReference section */
		9818CB27289EB8AF00A1DB8F /* searchMovieViewController.swift */ = {isa = PBXFileReference; lastKnownFileType = sourcecode.swift; path = searchMovieViewController.swift; sourceTree = "<group>"; };
		984162BF289EABE1004C058B /* SearchMovieCollectionViewCell.swift */ = {isa = PBXFileReference; lastKnownFileType = sourcecode.swift; path = SearchMovieCollectionViewCell.swift; sourceTree = "<group>"; };
		984162C0289EABE1004C058B /* SearchMovieCollectionViewCell.xib */ = {isa = PBXFileReference; lastKnownFileType = file.xib; path = SearchMovieCollectionViewCell.xib; sourceTree = "<group>"; };
		98DC54922899F734009DEA77 /* TMDBProject.app */ = {isa = PBXFileReference; explicitFileType = wrapper.application; includeInIndex = 0; path = TMDBProject.app; sourceTree = BUILT_PRODUCTS_DIR; };
		98DC54952899F734009DEA77 /* AppDelegate.swift */ = {isa = PBXFileReference; lastKnownFileType = sourcecode.swift; path = AppDelegate.swift; sourceTree = "<group>"; };
		98DC54972899F734009DEA77 /* SceneDelegate.swift */ = {isa = PBXFileReference; lastKnownFileType = sourcecode.swift; path = SceneDelegate.swift; sourceTree = "<group>"; };
		98DC54992899F734009DEA77 /* ViewController.swift */ = {isa = PBXFileReference; lastKnownFileType = sourcecode.swift; path = ViewController.swift; sourceTree = "<group>"; };
		98DC549C2899F734009DEA77 /* Base */ = {isa = PBXFileReference; lastKnownFileType = file.storyboard; name = Base; path = Base.lproj/Main.storyboard; sourceTree = "<group>"; };
		98DC549E2899F73A009DEA77 /* Assets.xcassets */ = {isa = PBXFileReference; lastKnownFileType = folder.assetcatalog; path = Assets.xcassets; sourceTree = "<group>"; };
		98DC54A12899F73A009DEA77 /* Base */ = {isa = PBXFileReference; lastKnownFileType = file.storyboard; name = Base; path = Base.lproj/LaunchScreen.storyboard; sourceTree = "<group>"; };
		98DC54A32899F73A009DEA77 /* Info.plist */ = {isa = PBXFileReference; lastKnownFileType = text.plist.xml; path = Info.plist; sourceTree = "<group>"; };
		98DC54A92899F7C9009DEA77 /* .gitignore */ = {isa = PBXFileReference; lastKnownFileType = text; path = .gitignore; sourceTree = "<group>"; };
		98DC54AD2899F8BE009DEA77 /* APIKey.swift */ = {isa = PBXFileReference; lastKnownFileType = sourcecode.swift; path = APIKey.swift; sourceTree = SOURCE_ROOT; };
		98DC54AF2899FA04009DEA77 /* Constant.swift */ = {isa = PBXFileReference; lastKnownFileType = sourcecode.swift; path = Constant.swift; sourceTree = SOURCE_ROOT; };
		98DC54B42899FB0E009DEA77 /* File.swift */ = {isa = PBXFileReference; lastKnownFileType = sourcecode.swift; path = File.swift; sourceTree = "<group>"; };
		98DC54B62899FB1A009DEA77 /* File.swift */ = {isa = PBXFileReference; lastKnownFileType = sourcecode.swift; path = File.swift; sourceTree = "<group>"; };
/* End PBXFileReference section */

/* Begin PBXFrameworksBuildPhase section */
		98DC548F2899F734009DEA77 /* Frameworks */ = {
			isa = PBXFrameworksBuildPhase;
			buildActionMask = 2147483647;
			files = (
			);
			runOnlyForDeploymentPostprocessing = 0;
		};
/* End PBXFrameworksBuildPhase section */

/* Begin PBXGroup section */
		984162BA289EA625004C058B /* SearchMovie */ = {
			isa = PBXGroup;
			children = (
				9818CB27289EB8AF00A1DB8F /* searchMovieViewController.swift */,
				984162BF289EABE1004C058B /* SearchMovieCollectionViewCell.swift */,
				984162C0289EABE1004C058B /* SearchMovieCollectionViewCell.xib */,
			);
			path = SearchMovie;
			sourceTree = "<group>";
		};
		98DC54892899F734009DEA77 = {
			isa = PBXGroup;
			children = (
				98DC54A92899F7C9009DEA77 /* .gitignore */,
				98DC54942899F734009DEA77 /* TMDBProject */,
				98DC54932899F734009DEA77 /* Products */,
			);
			sourceTree = "<group>";
		};
		98DC54932899F734009DEA77 /* Products */ = {
			isa = PBXGroup;
			children = (
				98DC54922899F734009DEA77 /* TMDBProject.app */,
			);
			name = Products;
			sourceTree = "<group>";
		};
		98DC54942899F734009DEA77 /* TMDBProject */ = {
			isa = PBXGroup;
			children = (
				98DC54B32899FAE5009DEA77 /* Resource */,
				98DC54B22899FAC6009DEA77 /* Key */,
				98DC54AF2899FA04009DEA77 /* Constant.swift */,
				98DC54AD2899F8BE009DEA77 /* APIKey.swift */,
				984162BA289EA625004C058B /* SearchMovie */,
				98DC549B2899F734009DEA77 /* Main.storyboard */,
				98DC54952899F734009DEA77 /* AppDelegate.swift */,
				98DC54972899F734009DEA77 /* SceneDelegate.swift */,
				98DC54992899F734009DEA77 /* ViewController.swift */,
				98DC549E2899F73A009DEA77 /* Assets.xcassets */,
				98DC54A02899F73A009DEA77 /* LaunchScreen.storyboard */,
				98DC54A32899F73A009DEA77 /* Info.plist */,
			);
			path = TMDBProject;
			sourceTree = "<group>";
		};
		98DC54B22899FAC6009DEA77 /* Key */ = {
			isa = PBXGroup;
			children = (
				98DC54B62899FB1A009DEA77 /* File.swift */,
			);
			path = Key;
			sourceTree = "<group>";
		};
		98DC54B32899FAE5009DEA77 /* Resource */ = {
			isa = PBXGroup;
			children = (
				98DC54B42899FB0E009DEA77 /* File.swift */,
			);
			path = Resource;
			sourceTree = "<group>";
		};
/* End PBXGroup section */

/* Begin PBXNativeTarget section */
		98DC54912899F734009DEA77 /* TMDBProject */ = {
			isa = PBXNativeTarget;
			buildConfigurationList = 98DC54A62899F73A009DEA77 /* Build configuration list for PBXNativeTarget "TMDBProject" */;
			buildPhases = (
				98DC548E2899F734009DEA77 /* Sources */,
				98DC548F2899F734009DEA77 /* Frameworks */,
				98DC54902899F734009DEA77 /* Resources */,
			);
			buildRules = (
			);
			dependencies = (
			);
			name = TMDBProject;
			productName = TMDBProject;
			productReference = 98DC54922899F734009DEA77 /* TMDBProject.app */;
			productType = "com.apple.product-type.application";
		};
/* End PBXNativeTarget section */

/* Begin PBXProject section */
		98DC548A2899F734009DEA77 /* Project object */ = {
			isa = PBXProject;
			attributes = {
				BuildIndependentTargetsInParallel = 1;
				LastSwiftUpdateCheck = 1330;
				LastUpgradeCheck = 1330;
				TargetAttributes = {
					98DC54912899F734009DEA77 = {
						CreatedOnToolsVersion = 13.3.1;
					};
				};
			};
			buildConfigurationList = 98DC548D2899F734009DEA77 /* Build configuration list for PBXProject "TMDBProject" */;
			compatibilityVersion = "Xcode 13.0";
			developmentRegion = en;
			hasScannedForEncodings = 0;
			knownRegions = (
				en,
				Base,
			);
			mainGroup = 98DC54892899F734009DEA77;
			productRefGroup = 98DC54932899F734009DEA77 /* Products */;
			projectDirPath = "";
			projectRoot = "";
			targets = (
				98DC54912899F734009DEA77 /* TMDBProject */,
			);
		};
/* End PBXProject section */

/* Begin PBXResourcesBuildPhase section */
		98DC54902899F734009DEA77 /* Resources */ = {
			isa = PBXResourcesBuildPhase;
			buildActionMask = 2147483647;
			files = (
				984162C2289EABE2004C058B /* SearchMovieCollectionViewCell.xib in Resources */,
				98DC54AA2899F7C9009DEA77 /* .gitignore in Resources */,
				98DC54A22899F73A009DEA77 /* LaunchScreen.storyboard in Resources */,
				98DC549F2899F73A009DEA77 /* Assets.xcassets in Resources */,
				98DC549D2899F734009DEA77 /* Main.storyboard in Resources */,
			);
			runOnlyForDeploymentPostprocessing = 0;
		};
/* End PBXResourcesBuildPhase section */

/* Begin PBXSourcesBuildPhase section */
		98DC548E2899F734009DEA77 /* Sources */ = {
			isa = PBXSourcesBuildPhase;
			buildActionMask = 2147483647;
			files = (
				98DC549A2899F734009DEA77 /* ViewController.swift in Sources */,
				984162C1289EABE2004C058B /* SearchMovieCollectionViewCell.swift in Sources */,
				98DC54962899F734009DEA77 /* AppDelegate.swift in Sources */,
				98DC54B52899FB0E009DEA77 /* File.swift in Sources */,
				98DC54982899F734009DEA77 /* SceneDelegate.swift in Sources */,
				9818CB28289EB8AF00A1DB8F /* searchMovieViewController.swift in Sources */,
				98DC54B72899FB1A009DEA77 /* File.swift in Sources */,
				98DC54AE2899F8BE009DEA77 /* APIKey.swift in Sources */,
				98DC54B02899FA04009DEA77 /* Constant.swift in Sources */,
			);
			runOnlyForDeploymentPostprocessing = 0;
		};
/* End PBXSourcesBuildPhase section */

/* Begin PBXVariantGroup section */
		98DC549B2899F734009DEA77 /* Main.storyboard */ = {
			isa = PBXVariantGroup;
			children = (
				98DC549C2899F734009DEA77 /* Base */,
			);
			name = Main.storyboard;
			sourceTree = "<group>";
		};
		98DC54A02899F73A009DEA77 /* LaunchScreen.storyboard */ = {
			isa = PBXVariantGroup;
			children = (
				98DC54A12899F73A009DEA77 /* Base */,
			);
			name = LaunchScreen.storyboard;
			sourceTree = "<group>";
		};
/* End PBXVariantGroup section */

/* Begin XCBuildConfiguration section */
		98DC54A42899F73A009DEA77 /* Debug */ = {
			isa = XCBuildConfiguration;
			buildSettings = {
				ALWAYS_SEARCH_USER_PATHS = NO;
				CLANG_ANALYZER_NONNULL = YES;
				CLANG_ANALYZER_NUMBER_OBJECT_CONVERSION = YES_AGGRESSIVE;
				CLANG_CXX_LANGUAGE_STANDARD = "gnu++17";
				CLANG_ENABLE_MODULES = YES;
				CLANG_ENABLE_OBJC_ARC = YES;
				CLANG_ENABLE_OBJC_WEAK = YES;
				CLANG_WARN_BLOCK_CAPTURE_AUTORELEASING = YES;
				CLANG_WARN_BOOL_CONVERSION = YES;
				CLANG_WARN_COMMA = YES;
				CLANG_WARN_CONSTANT_CONVERSION = YES;
				CLANG_WARN_DEPRECATED_OBJC_IMPLEMENTATIONS = YES;
				CLANG_WARN_DIRECT_OBJC_ISA_USAGE = YES_ERROR;
				CLANG_WARN_DOCUMENTATION_COMMENTS = YES;
				CLANG_WARN_EMPTY_BODY = YES;
				CLANG_WARN_ENUM_CONVERSION = YES;
				CLANG_WARN_INFINITE_RECURSION = YES;
				CLANG_WARN_INT_CONVERSION = YES;
				CLANG_WARN_NON_LITERAL_NULL_CONVERSION = YES;
				CLANG_WARN_OBJC_IMPLICIT_RETAIN_SELF = YES;
				CLANG_WARN_OBJC_LITERAL_CONVERSION = YES;
				CLANG_WARN_OBJC_ROOT_CLASS = YES_ERROR;
				CLANG_WARN_QUOTED_INCLUDE_IN_FRAMEWORK_HEADER = YES;
				CLANG_WARN_RANGE_LOOP_ANALYSIS = YES;
				CLANG_WARN_STRICT_PROTOTYPES = YES;
				CLANG_WARN_SUSPICIOUS_MOVE = YES;
				CLANG_WARN_UNGUARDED_AVAILABILITY = YES_AGGRESSIVE;
				CLANG_WARN_UNREACHABLE_CODE = YES;
				CLANG_WARN__DUPLICATE_METHOD_MATCH = YES;
				COPY_PHASE_STRIP = NO;
				DEBUG_INFORMATION_FORMAT = dwarf;
				ENABLE_STRICT_OBJC_MSGSEND = YES;
				ENABLE_TESTABILITY = YES;
				GCC_C_LANGUAGE_STANDARD = gnu11;
				GCC_DYNAMIC_NO_PIC = NO;
				GCC_NO_COMMON_BLOCKS = YES;
				GCC_OPTIMIZATION_LEVEL = 0;
				GCC_PREPROCESSOR_DEFINITIONS = (
					"DEBUG=1",
					"$(inherited)",
				);
				GCC_WARN_64_TO_32_BIT_CONVERSION = YES;
				GCC_WARN_ABOUT_RETURN_TYPE = YES_ERROR;
				GCC_WARN_UNDECLARED_SELECTOR = YES;
				GCC_WARN_UNINITIALIZED_AUTOS = YES_AGGRESSIVE;
				GCC_WARN_UNUSED_FUNCTION = YES;
				GCC_WARN_UNUSED_VARIABLE = YES;
				IPHONEOS_DEPLOYMENT_TARGET = 15.4;
				MTL_ENABLE_DEBUG_INFO = INCLUDE_SOURCE;
				MTL_FAST_MATH = YES;
				ONLY_ACTIVE_ARCH = YES;
				SDKROOT = iphoneos;
				SWIFT_ACTIVE_COMPILATION_CONDITIONS = DEBUG;
				SWIFT_OPTIMIZATION_LEVEL = "-Onone";
			};
			name = Debug;
		};
		98DC54A52899F73A009DEA77 /* Release */ = {
			isa = XCBuildConfiguration;
			buildSettings = {
				ALWAYS_SEARCH_USER_PATHS = NO;
				CLANG_ANALYZER_NONNULL = YES;
				CLANG_ANALYZER_NUMBER_OBJECT_CONVERSION = YES_AGGRESSIVE;
				CLANG_CXX_LANGUAGE_STANDARD = "gnu++17";
				CLANG_ENABLE_MODULES = YES;
				CLANG_ENABLE_OBJC_ARC = YES;
				CLANG_ENABLE_OBJC_WEAK = YES;
				CLANG_WARN_BLOCK_CAPTURE_AUTORELEASING = YES;
				CLANG_WARN_BOOL_CONVERSION = YES;
				CLANG_WARN_COMMA = YES;
				CLANG_WARN_CONSTANT_CONVERSION = YES;
				CLANG_WARN_DEPRECATED_OBJC_IMPLEMENTATIONS = YES;
				CLANG_WARN_DIRECT_OBJC_ISA_USAGE = YES_ERROR;
				CLANG_WARN_DOCUMENTATION_COMMENTS = YES;
				CLANG_WARN_EMPTY_BODY = YES;
				CLANG_WARN_ENUM_CONVERSION = YES;
				CLANG_WARN_INFINITE_RECURSION = YES;
				CLANG_WARN_INT_CONVERSION = YES;
				CLANG_WARN_NON_LITERAL_NULL_CONVERSION = YES;
				CLANG_WARN_OBJC_IMPLICIT_RETAIN_SELF = YES;
				CLANG_WARN_OBJC_LITERAL_CONVERSION = YES;
				CLANG_WARN_OBJC_ROOT_CLASS = YES_ERROR;
				CLANG_WARN_QUOTED_INCLUDE_IN_FRAMEWORK_HEADER = YES;
				CLANG_WARN_RANGE_LOOP_ANALYSIS = YES;
				CLANG_WARN_STRICT_PROTOTYPES = YES;
				CLANG_WARN_SUSPICIOUS_MOVE = YES;
				CLANG_WARN_UNGUARDED_AVAILABILITY = YES_AGGRESSIVE;
				CLANG_WARN_UNREACHABLE_CODE = YES;
				CLANG_WARN__DUPLICATE_METHOD_MATCH = YES;
				COPY_PHASE_STRIP = NO;
				DEBUG_INFORMATION_FORMAT = "dwarf-with-dsym";
				ENABLE_NS_ASSERTIONS = NO;
				ENABLE_STRICT_OBJC_MSGSEND = YES;
				GCC_C_LANGUAGE_STANDARD = gnu11;
				GCC_NO_COMMON_BLOCKS = YES;
				GCC_WARN_64_TO_32_BIT_CONVERSION = YES;
				GCC_WARN_ABOUT_RETURN_TYPE = YES_ERROR;
				GCC_WARN_UNDECLARED_SELECTOR = YES;
				GCC_WARN_UNINITIALIZED_AUTOS = YES_AGGRESSIVE;
				GCC_WARN_UNUSED_FUNCTION = YES;
				GCC_WARN_UNUSED_VARIABLE = YES;
				IPHONEOS_DEPLOYMENT_TARGET = 15.4;
				MTL_ENABLE_DEBUG_INFO = NO;
				MTL_FAST_MATH = YES;
				SDKROOT = iphoneos;
				SWIFT_COMPILATION_MODE = wholemodule;
				SWIFT_OPTIMIZATION_LEVEL = "-O";
				VALIDATE_PRODUCT = YES;
			};
			name = Release;
		};
		98DC54A72899F73A009DEA77 /* Debug */ = {
			isa = XCBuildConfiguration;
			buildSettings = {
				ASSETCATALOG_COMPILER_APPICON_NAME = AppIcon;
				ASSETCATALOG_COMPILER_GLOBAL_ACCENT_COLOR_NAME = AccentColor;
				CODE_SIGN_STYLE = Automatic;
				CURRENT_PROJECT_VERSION = 1;
				GENERATE_INFOPLIST_FILE = YES;
				INFOPLIST_FILE = TMDBProject/Info.plist;
				INFOPLIST_KEY_UIApplicationSupportsIndirectInputEvents = YES;
				INFOPLIST_KEY_UILaunchStoryboardName = LaunchScreen;
				INFOPLIST_KEY_UIMainStoryboardFile = Main;
				INFOPLIST_KEY_UISupportedInterfaceOrientations_iPad = "UIInterfaceOrientationPortrait UIInterfaceOrientationPortraitUpsideDown UIInterfaceOrientationLandscapeLeft UIInterfaceOrientationLandscapeRight";
				INFOPLIST_KEY_UISupportedInterfaceOrientations_iPhone = "UIInterfaceOrientationPortrait UIInterfaceOrientationLandscapeLeft UIInterfaceOrientationLandscapeRight";
				LD_RUNPATH_SEARCH_PATHS = (
					"$(inherited)",
					"@executable_path/Frameworks",
				);
				MARKETING_VERSION = 1.0;
				PRODUCT_BUNDLE_IDENTIFIER = com.taehwan.TMDBProject;
				PRODUCT_NAME = "$(TARGET_NAME)";
				SWIFT_EMIT_LOC_STRINGS = YES;
				SWIFT_VERSION = 5.0;
				TARGETED_DEVICE_FAMILY = "1,2";
			};
			name = Debug;
		};
		98DC54A82899F73A009DEA77 /* Release */ = {
			isa = XCBuildConfiguration;
			buildSettings = {
				ASSETCATALOG_COMPILER_APPICON_NAME = AppIcon;
				ASSETCATALOG_COMPILER_GLOBAL_ACCENT_COLOR_NAME = AccentColor;
				CODE_SIGN_STYLE = Automatic;
				CURRENT_PROJECT_VERSION = 1;
				GENERATE_INFOPLIST_FILE = YES;
				INFOPLIST_FILE = TMDBProject/Info.plist;
				INFOPLIST_KEY_UIApplicationSupportsIndirectInputEvents = YES;
				INFOPLIST_KEY_UILaunchStoryboardName = LaunchScreen;
				INFOPLIST_KEY_UIMainStoryboardFile = Main;
				INFOPLIST_KEY_UISupportedInterfaceOrientations_iPad = "UIInterfaceOrientationPortrait UIInterfaceOrientationPortraitUpsideDown UIInterfaceOrientationLandscapeLeft UIInterfaceOrientationLandscapeRight";
				INFOPLIST_KEY_UISupportedInterfaceOrientations_iPhone = "UIInterfaceOrientationPortrait UIInterfaceOrientationLandscapeLeft UIInterfaceOrientationLandscapeRight";
				LD_RUNPATH_SEARCH_PATHS = (
					"$(inherited)",
					"@executable_path/Frameworks",
				);
				MARKETING_VERSION = 1.0;
				PRODUCT_BUNDLE_IDENTIFIER = com.taehwan.TMDBProject;
				PRODUCT_NAME = "$(TARGET_NAME)";
				SWIFT_EMIT_LOC_STRINGS = YES;
				SWIFT_VERSION = 5.0;
				TARGETED_DEVICE_FAMILY = "1,2";
			};
			name = Release;
		};
/* End XCBuildConfiguration section */

/* Begin XCConfigurationList section */
		98DC548D2899F734009DEA77 /* Build configuration list for PBXProject "TMDBProject" */ = {
			isa = XCConfigurationList;
			buildConfigurations = (
				98DC54A42899F73A009DEA77 /* Debug */,
				98DC54A52899F73A009DEA77 /* Release */,
			);
			defaultConfigurationIsVisible = 0;
			defaultConfigurationName = Release;
		};
		98DC54A62899F73A009DEA77 /* Build configuration list for PBXNativeTarget "TMDBProject" */ = {
			isa = XCConfigurationList;
			buildConfigurations = (
				98DC54A72899F73A009DEA77 /* Debug */,
				98DC54A82899F73A009DEA77 /* Release */,
			);
			defaultConfigurationIsVisible = 0;
			defaultConfigurationName = Release;
		};
/* End XCConfigurationList section */
	};
	rootObject = 98DC548A2899F734009DEA77 /* Project object */;
}
